
Microsoft Visual Studio Solution File, Format Version 12.00
# Visual Studio Version 17
VisualStudioVersion = 17.8.34525.116
MinimumVisualStudioVersion = 10.0.40219.1
Project("{FAE04EC0-301F-11D3-BF4B-00C04F79EFBC}") = "Desafio-TargetSistemas", "Desafio-TargetSistemas.csproj", "{A9B43F22-59CA-4305-99DB-B51398E17F03}"
EndProject
Global
	GlobalSection(SolutionConfigurationPlatforms) = preSolution
		Debug|Any CPU = Debug|Any CPU
		Release|Any CPU = Release|Any CPU
	EndGlobalSection
	GlobalSection(ProjectConfigurationPlatforms) = postSolution
		{A9B43F22-59CA-4305-99DB-B51398E17F03}.Debug|Any CPU.ActiveCfg = Debug|Any CPU
		{A9B43F22-59CA-4305-99DB-B51398E17F03}.Debug|Any CPU.Build.0 = Debug|Any CPU
		{A9B43F22-59CA-4305-99DB-B51398E17F03}.Release|Any CPU.ActiveCfg = Release|Any CPU
		{A9B43F22-59CA-4305-99DB-B51398E17F03}.Release|Any CPU.Build.0 = Release|Any CPU
	EndGlobalSection
	GlobalSection(SolutionProperties) = preSolution
		HideSolutionNode = FALSE
	EndGlobalSection
	GlobalSection(ExtensibilityGlobals) = postSolution
		SolutionGuid = {21C13697-7FD0-41D3-ABEB-45AD348DBD6B}
	EndGlobalSection
EndGlobal
